
Microsoft Visual Studio Solution File, Format Version 12.00
# Visual Studio Version 16
VisualStudioVersion = 16.0.810.24
MinimumVisualStudioVersion = 10.0.40219.1
Project("{FAE04EC0-301F-11D3-BF4B-00C04F79EFBC}") = "BocoNotion.TodoTaskManager.iOS", "BocoNotion.TodoTaskManager.iOS\BocoNotion.TodoTaskManager.iOS.csproj", "{69D0EF9C-5208-4B77-B2BF-C3D962FFDABA}"
EndProject
Project("{FAE04EC0-301F-11D3-BF4B-00C04F79EFBC}") = "BocoNotion.TodoTaskManager", "BocoNotion.TodoTaskManager\BocoNotion.TodoTaskManager.csproj", "{5D3B3298-D100-4163-80EE-3E020506198B}"
EndProject
Project("{FAE04EC0-301F-11D3-BF4B-00C04F79EFBC}") = "BocoNotion.NotionIntegration", "BocoNotion.Shared\BocoNotion.NotionIntegration.csproj", "{FA98C06A-BD82-44FD-96D5-F27A44A90DC6}"
EndProject
Project("{FAE04EC0-301F-11D3-BF4B-00C04F79EFBC}") = "BocoNotion.Model", "BocoNotion.Models\BocoNotion.Model.csproj", "{C3E627E6-BD15-4197-9C1F-1C8D30C141D2}"
EndProject
Global
	GlobalSection(SolutionConfigurationPlatforms) = preSolution
		Debug|iPhoneSimulator = Debug|iPhoneSimulator
		Release|iPhoneSimulator = Release|iPhoneSimulator
		Debug|iPhone = Debug|iPhone
		Release|iPhone = Release|iPhone
		Debug|Any CPU = Debug|Any CPU
		Release|Any CPU = Release|Any CPU
	EndGlobalSection
	GlobalSection(ProjectConfigurationPlatforms) = postSolution
		{69D0EF9C-5208-4B77-B2BF-C3D962FFDABA}.Debug|iPhoneSimulator.ActiveCfg = Debug|iPhoneSimulator
		{69D0EF9C-5208-4B77-B2BF-C3D962FFDABA}.Debug|iPhoneSimulator.Build.0 = Debug|iPhoneSimulator
		{69D0EF9C-5208-4B77-B2BF-C3D962FFDABA}.Release|iPhoneSimulator.ActiveCfg = Release|iPhoneSimulator
		{69D0EF9C-5208-4B77-B2BF-C3D962FFDABA}.Release|iPhoneSimulator.Build.0 = Release|iPhoneSimulator
		{69D0EF9C-5208-4B77-B2BF-C3D962FFDABA}.Debug|iPhone.ActiveCfg = Debug|iPhone
		{69D0EF9C-5208-4B77-B2BF-C3D962FFDABA}.Debug|iPhone.Build.0 = Debug|iPhone
		{69D0EF9C-5208-4B77-B2BF-C3D962FFDABA}.Release|iPhone.ActiveCfg = Release|iPhone
		{69D0EF9C-5208-4B77-B2BF-C3D962FFDABA}.Release|iPhone.Build.0 = Release|iPhone
		{69D0EF9C-5208-4B77-B2BF-C3D962FFDABA}.Debug|Any CPU.ActiveCfg = Debug|iPhoneSimulator
		{69D0EF9C-5208-4B77-B2BF-C3D962FFDABA}.Debug|Any CPU.Build.0 = Debug|iPhoneSimulator
		{69D0EF9C-5208-4B77-B2BF-C3D962FFDABA}.Release|Any CPU.ActiveCfg = Release|iPhoneSimulator
		{69D0EF9C-5208-4B77-B2BF-C3D962FFDABA}.Release|Any CPU.Build.0 = Release|iPhoneSimulator
		{5D3B3298-D100-4163-80EE-3E020506198B}.Debug|iPhoneSimulator.ActiveCfg = Debug|Any CPU
		{5D3B3298-D100-4163-80EE-3E020506198B}.Debug|iPhoneSimulator.Build.0 = Debug|Any CPU
		{5D3B3298-D100-4163-80EE-3E020506198B}.Release|iPhoneSimulator.ActiveCfg = Release|Any CPU
		{5D3B3298-D100-4163-80EE-3E020506198B}.Release|iPhoneSimulator.Build.0 = Release|Any CPU
		{5D3B3298-D100-4163-80EE-3E020506198B}.Debug|iPhone.ActiveCfg = Debug|Any CPU
		{5D3B3298-D100-4163-80EE-3E020506198B}.Debug|iPhone.Build.0 = Debug|Any CPU
		{5D3B3298-D100-4163-80EE-3E020506198B}.Release|iPhone.ActiveCfg = Release|Any CPU
		{5D3B3298-D100-4163-80EE-3E020506198B}.Release|iPhone.Build.0 = Release|Any CPU
		{5D3B3298-D100-4163-80EE-3E020506198B}.Debug|Any CPU.ActiveCfg = Debug|Any CPU
		{5D3B3298-D100-4163-80EE-3E020506198B}.Debug|Any CPU.Build.0 = Debug|Any CPU
		{5D3B3298-D100-4163-80EE-3E020506198B}.Release|Any CPU.ActiveCfg = Release|Any CPU
		{5D3B3298-D100-4163-80EE-3E020506198B}.Release|Any CPU.Build.0 = Release|Any CPU
		{FA98C06A-BD82-44FD-96D5-F27A44A90DC6}.Debug|iPhoneSimulator.ActiveCfg = Debug|Any CPU
		{FA98C06A-BD82-44FD-96D5-F27A44A90DC6}.Debug|iPhoneSimulator.Build.0 = Debug|Any CPU
		{FA98C06A-BD82-44FD-96D5-F27A44A90DC6}.Release|iPhoneSimulator.ActiveCfg = Release|Any CPU
		{FA98C06A-BD82-44FD-96D5-F27A44A90DC6}.Release|iPhoneSimulator.Build.0 = Release|Any CPU
		{FA98C06A-BD82-44FD-96D5-F27A44A90DC6}.Debug|iPhone.ActiveCfg = Debug|Any CPU
		{FA98C06A-BD82-44FD-96D5-F27A44A90DC6}.Debug|iPhone.Build.0 = Debug|Any CPU
		{FA98C06A-BD82-44FD-96D5-F27A44A90DC6}.Release|iPhone.ActiveCfg = Release|Any CPU
		{FA98C06A-BD82-44FD-96D5-F27A44A90DC6}.Release|iPhone.Build.0 = Release|Any CPU
		{FA98C06A-BD82-44FD-96D5-F27A44A90DC6}.Debug|Any CPU.ActiveCfg = Debug|Any CPU
		{FA98C06A-BD82-44FD-96D5-F27A44A90DC6}.Debug|Any CPU.Build.0 = Debug|Any CPU
		{FA98C06A-BD82-44FD-96D5-F27A44A90DC6}.Release|Any CPU.ActiveCfg = Release|Any CPU
		{FA98C06A-BD82-44FD-96D5-F27A44A90DC6}.Release|Any CPU.Build.0 = Release|Any CPU
		{C3E627E6-BD15-4197-9C1F-1C8D30C141D2}.Debug|iPhoneSimulator.ActiveCfg = Debug|Any CPU
		{C3E627E6-BD15-4197-9C1F-1C8D30C141D2}.Debug|iPhoneSimulator.Build.0 = Debug|Any CPU
		{C3E627E6-BD15-4197-9C1F-1C8D30C141D2}.Release|iPhoneSimulator.ActiveCfg = Release|Any CPU
		{C3E627E6-BD15-4197-9C1F-1C8D30C141D2}.Release|iPhoneSimulator.Build.0 = Release|Any CPU
		{C3E627E6-BD15-4197-9C1F-1C8D30C141D2}.Debug|iPhone.ActiveCfg = Debug|Any CPU
		{C3E627E6-BD15-4197-9C1F-1C8D30C141D2}.Debug|iPhone.Build.0 = Debug|Any CPU
		{C3E627E6-BD15-4197-9C1F-1C8D30C141D2}.Release|iPhone.ActiveCfg = Release|Any CPU
		{C3E627E6-BD15-4197-9C1F-1C8D30C141D2}.Release|iPhone.Build.0 = Release|Any CPU
		{C3E627E6-BD15-4197-9C1F-1C8D30C141D2}.Debug|Any CPU.ActiveCfg = Debug|Any CPU
		{C3E627E6-BD15-4197-9C1F-1C8D30C141D2}.Debug|Any CPU.Build.0 = Debug|Any CPU
		{C3E627E6-BD15-4197-9C1F-1C8D30C141D2}.Release|Any CPU.ActiveCfg = Release|Any CPU
		{C3E627E6-BD15-4197-9C1F-1C8D30C141D2}.Release|Any CPU.Build.0 = Release|Any CPU
	EndGlobalSection
	GlobalSection(SolutionProperties) = preSolution
		HideSolutionNode = FALSE
	EndGlobalSection
	GlobalSection(ExtensibilityGlobals) = postSolution
		SolutionGuid = {9FDAC6B3-D9DF-4C0B-8EE4-3958A9873913}
	EndGlobalSection
EndGlobal
